
Microsoft Visual Studio Solution File, Format Version 12.00
# Visual Studio Version 17
VisualStudioVersion = 17.14.36401.2 d17.14
MinimumVisualStudioVersion = 10.0.40219.1
Project("{FAE04EC0-301F-11D3-BF4B-00C04F79EFBC}") = "QuizApp", "QuizApp.csproj", "{DCA3C6AB-A1CD-479A-B845-3F3D9F72890B}"
EndProject
Global
	GlobalSection(SolutionConfigurationPlatforms) = preSolution
		Debug|Any CPU = Debug|Any CPU
		Release|Any CPU = Release|Any CPU
	EndGlobalSection
	GlobalSection(ProjectConfigurationPlatforms) = postSolution
		{DCA3C6AB-A1CD-479A-B845-3F3D9F72890B}.Debug|Any CPU.ActiveCfg = Debug|Any CPU
		{DCA3C6AB-A1CD-479A-B845-3F3D9F72890B}.Debug|Any CPU.Build.0 = Debug|Any CPU
		{DCA3C6AB-A1CD-479A-B845-3F3D9F72890B}.Release|Any CPU.ActiveCfg = Release|Any CPU
		{DCA3C6AB-A1CD-479A-B845-3F3D9F72890B}.Release|Any CPU.Build.0 = Release|Any CPU
	EndGlobalSection
	GlobalSection(SolutionProperties) = preSolution
		HideSolutionNode = FALSE
	EndGlobalSection
	GlobalSection(ExtensibilityGlobals) = postSolution
		SolutionGuid = {5C4D5B2C-6BB6-4EE2-9EB7-8163AD36D2D0}
	EndGlobalSection
EndGlobal
