
Microsoft Visual Studio Solution File, Format Version 12.00
# Visual Studio Version 17
VisualStudioVersion = 17.13.35919.96 d17.13
MinimumVisualStudioVersion = 10.0.40219.1
Project("{F14B399A-7131-4C87-9E4B-1186C45EF12D}") = "SSRS report", "SSRS report\SSRS report.rptproj", "{8BCA24FE-C85F-2931-8C32-82678E429633}"
EndProject
Global
	GlobalSection(SolutionConfigurationPlatforms) = preSolution
		Debug|Default = Debug|Default
		DebugLocal|Default = DebugLocal|Default
		Release|Default = Release|Default
	EndGlobalSection
	GlobalSection(ProjectConfigurationPlatforms) = postSolution
		{8BCA24FE-C85F-2931-8C32-82678E429633}.Debug|Default.ActiveCfg = Debug
		{8BCA24FE-C85F-2931-8C32-82678E429633}.Debug|Default.Build.0 = Debug
		{8BCA24FE-C85F-2931-8C32-82678E429633}.Debug|Default.Deploy.0 = Debug
		{8BCA24FE-C85F-2931-8C32-82678E429633}.DebugLocal|Default.ActiveCfg = DebugLocal
		{8BCA24FE-C85F-2931-8C32-82678E429633}.DebugLocal|Default.Build.0 = DebugLocal
		{8BCA24FE-C85F-2931-8C32-82678E429633}.Release|Default.ActiveCfg = Release
		{8BCA24FE-C85F-2931-8C32-82678E429633}.Release|Default.Build.0 = Release
		{8BCA24FE-C85F-2931-8C32-82678E429633}.Release|Default.Deploy.0 = Release
	EndGlobalSection
	GlobalSection(SolutionProperties) = preSolution
		HideSolutionNode = FALSE
	EndGlobalSection
	GlobalSection(ExtensibilityGlobals) = postSolution
		SolutionGuid = {44B5BB52-8CAA-4214-A9B2-86EFA8B7D47A}
	EndGlobalSection
EndGlobal
