
Microsoft Visual Studio Solution File, Format Version 12.00
# Visual Studio Version 17
VisualStudioVersion = 17.14.36401.2 d17.14
MinimumVisualStudioVersion = 10.0.40219.1
Project("{FAE04EC0-301F-11D3-BF4B-00C04F79EFBC}") = "DependecnyInjectionApp", "DependecnyInjectionApp.csproj", "{A5401A9B-5D0A-4D5F-BEA4-19E847B23E97}"
EndProject
Global
	GlobalSection(SolutionConfigurationPlatforms) = preSolution
		Debug|Any CPU = Debug|Any CPU
		Release|Any CPU = Release|Any CPU
	EndGlobalSection
	GlobalSection(ProjectConfigurationPlatforms) = postSolution
		{A5401A9B-5D0A-4D5F-BEA4-19E847B23E97}.Debug|Any CPU.ActiveCfg = Debug|Any CPU
		{A5401A9B-5D0A-4D5F-BEA4-19E847B23E97}.Debug|Any CPU.Build.0 = Debug|Any CPU
		{A5401A9B-5D0A-4D5F-BEA4-19E847B23E97}.Release|Any CPU.ActiveCfg = Release|Any CPU
		{A5401A9B-5D0A-4D5F-BEA4-19E847B23E97}.Release|Any CPU.Build.0 = Release|Any CPU
	EndGlobalSection
	GlobalSection(SolutionProperties) = preSolution
		HideSolutionNode = FALSE
	EndGlobalSection
	GlobalSection(ExtensibilityGlobals) = postSolution
		SolutionGuid = {2A22BB6E-A141-4E3F-9436-A5318324F658}
	EndGlobalSection
EndGlobal
