
Microsoft Visual Studio Solution File, Format Version 12.00
# Visual Studio Version 17
VisualStudioVersion = 17.14.36401.2 d17.14
MinimumVisualStudioVersion = 10.0.40219.1
Project("{FAE04EC0-301F-11D3-BF4B-00C04F79EFBC}") = "implicitConversion", "implicitConversion.csproj", "{04E30108-3842-46AB-8B14-321B7938C89A}"
EndProject
Global
	GlobalSection(SolutionConfigurationPlatforms) = preSolution
		Debug|Any CPU = Debug|Any CPU
		Release|Any CPU = Release|Any CPU
	EndGlobalSection
	GlobalSection(ProjectConfigurationPlatforms) = postSolution
		{04E30108-3842-46AB-8B14-321B7938C89A}.Debug|Any CPU.ActiveCfg = Debug|Any CPU
		{04E30108-3842-46AB-8B14-321B7938C89A}.Debug|Any CPU.Build.0 = Debug|Any CPU
		{04E30108-3842-46AB-8B14-321B7938C89A}.Release|Any CPU.ActiveCfg = Release|Any CPU
		{04E30108-3842-46AB-8B14-321B7938C89A}.Release|Any CPU.Build.0 = Release|Any CPU
	EndGlobalSection
	GlobalSection(SolutionProperties) = preSolution
		HideSolutionNode = FALSE
	EndGlobalSection
	GlobalSection(ExtensibilityGlobals) = postSolution
		SolutionGuid = {C0ECCAC6-43A3-4581-A8DE-BE766FCF9055}
	EndGlobalSection
EndGlobal
