
Microsoft Visual Studio Solution File, Format Version 12.00
# Visual Studio Version 17
VisualStudioVersion = 17.14.36414.22 d17.14
MinimumVisualStudioVersion = 10.0.40219.1
Project("{FAE04EC0-301F-11D3-BF4B-00C04F79EFBC}") = "WPF ZooManager", "WPF ZooManager.csproj", "{F40D78D1-9275-435C-9468-2C098BD88E98}"
EndProject
Global
	GlobalSection(SolutionConfigurationPlatforms) = preSolution
		Debug|Any CPU = Debug|Any CPU
		Release|Any CPU = Release|Any CPU
	EndGlobalSection
	GlobalSection(ProjectConfigurationPlatforms) = postSolution
		{F40D78D1-9275-435C-9468-2C098BD88E98}.Debug|Any CPU.ActiveCfg = Debug|Any CPU
		{F40D78D1-9275-435C-9468-2C098BD88E98}.Debug|Any CPU.Build.0 = Debug|Any CPU
		{F40D78D1-9275-435C-9468-2C098BD88E98}.Release|Any CPU.ActiveCfg = Release|Any CPU
		{F40D78D1-9275-435C-9468-2C098BD88E98}.Release|Any CPU.Build.0 = Release|Any CPU
	EndGlobalSection
	GlobalSection(SolutionProperties) = preSolution
		HideSolutionNode = FALSE
	EndGlobalSection
	GlobalSection(ExtensibilityGlobals) = postSolution
		SolutionGuid = {21BA3A92-02F8-4B8D-BF7F-80F9478444A7}
	EndGlobalSection
EndGlobal
