
Microsoft Visual Studio Solution File, Format Version 12.00
# Visual Studio Version 17
VisualStudioVersion = 17.14.36401.2 d17.14
MinimumVisualStudioVersion = 10.0.40219.1
Project("{FAE04EC0-301F-11D3-BF4B-00C04F79EFBC}") = "MathEApp", "MathEApp.csproj", "{DEFC449B-B403-4F61-81B6-0643BCA8CA56}"
EndProject
Global
	GlobalSection(SolutionConfigurationPlatforms) = preSolution
		Debug|Any CPU = Debug|Any CPU
		Release|Any CPU = Release|Any CPU
	EndGlobalSection
	GlobalSection(ProjectConfigurationPlatforms) = postSolution
		{DEFC449B-B403-4F61-81B6-0643BCA8CA56}.Debug|Any CPU.ActiveCfg = Debug|Any CPU
		{DEFC449B-B403-4F61-81B6-0643BCA8CA56}.Debug|Any CPU.Build.0 = Debug|Any CPU
		{DEFC449B-B403-4F61-81B6-0643BCA8CA56}.Release|Any CPU.ActiveCfg = Release|Any CPU
		{DEFC449B-B403-4F61-81B6-0643BCA8CA56}.Release|Any CPU.Build.0 = Release|Any CPU
	EndGlobalSection
	GlobalSection(SolutionProperties) = preSolution
		HideSolutionNode = FALSE
	EndGlobalSection
	GlobalSection(ExtensibilityGlobals) = postSolution
		SolutionGuid = {72BEAB73-FDB9-497E-8CDD-2D0F16ECBC5B}
	EndGlobalSection
EndGlobal
