
Microsoft Visual Studio Solution File, Format Version 12.00
# Visual Studio Version 17
VisualStudioVersion = 17.14.36401.2 d17.14
MinimumVisualStudioVersion = 10.0.40219.1
Project("{FAE04EC0-301F-11D3-BF4B-00C04F79EFBC}") = "Logic App", "Logic App.csproj", "{5DD8C823-94BA-447E-904C-62A1E9354185}"
EndProject
Global
	GlobalSection(SolutionConfigurationPlatforms) = preSolution
		Debug|Any CPU = Debug|Any CPU
		Release|Any CPU = Release|Any CPU
	EndGlobalSection
	GlobalSection(ProjectConfigurationPlatforms) = postSolution
		{5DD8C823-94BA-447E-904C-62A1E9354185}.Debug|Any CPU.ActiveCfg = Debug|Any CPU
		{5DD8C823-94BA-447E-904C-62A1E9354185}.Debug|Any CPU.Build.0 = Debug|Any CPU
		{5DD8C823-94BA-447E-904C-62A1E9354185}.Release|Any CPU.ActiveCfg = Release|Any CPU
		{5DD8C823-94BA-447E-904C-62A1E9354185}.Release|Any CPU.Build.0 = Release|Any CPU
	EndGlobalSection
	GlobalSection(SolutionProperties) = preSolution
		HideSolutionNode = FALSE
	EndGlobalSection
	GlobalSection(ExtensibilityGlobals) = postSolution
		SolutionGuid = {722C384A-E40C-473B-AEE0-9F17FDFAC698}
	EndGlobalSection
EndGlobal
