
Microsoft Visual Studio Solution File, Format Version 12.00
# Visual Studio Version 17
VisualStudioVersion = 17.14.36401.2 d17.14
MinimumVisualStudioVersion = 10.0.40219.1
Project("{FAE04EC0-301F-11D3-BF4B-00C04F79EFBC}") = "ArrayList", "ArrayList.csproj", "{F52EA712-33BE-4437-8552-65E7DA873A62}"
EndProject
Global
	GlobalSection(SolutionConfigurationPlatforms) = preSolution
		Debug|Any CPU = Debug|Any CPU
		Release|Any CPU = Release|Any CPU
	EndGlobalSection
	GlobalSection(ProjectConfigurationPlatforms) = postSolution
		{F52EA712-33BE-4437-8552-65E7DA873A62}.Debug|Any CPU.ActiveCfg = Debug|Any CPU
		{F52EA712-33BE-4437-8552-65E7DA873A62}.Debug|Any CPU.Build.0 = Debug|Any CPU
		{F52EA712-33BE-4437-8552-65E7DA873A62}.Release|Any CPU.ActiveCfg = Release|Any CPU
		{F52EA712-33BE-4437-8552-65E7DA873A62}.Release|Any CPU.Build.0 = Release|Any CPU
	EndGlobalSection
	GlobalSection(SolutionProperties) = preSolution
		HideSolutionNode = FALSE
	EndGlobalSection
	GlobalSection(ExtensibilityGlobals) = postSolution
		SolutionGuid = {481FDFC6-66C3-4260-A5D9-1D0EF2A9F519}
	EndGlobalSection
EndGlobal
