
Microsoft Visual Studio Solution File, Format Version 12.00
# Visual Studio Version 17
VisualStudioVersion = 17.14.36401.2 d17.14
MinimumVisualStudioVersion = 10.0.40219.1
Project("{FAE04EC0-301F-11D3-BF4B-00C04F79EFBC}") = "QuizAppTest", "QuizAppTest.csproj", "{9D79CDD8-54CF-461F-ADAD-70ED8D30B856}"
EndProject
Global
	GlobalSection(SolutionConfigurationPlatforms) = preSolution
		Debug|Any CPU = Debug|Any CPU
		Release|Any CPU = Release|Any CPU
	EndGlobalSection
	GlobalSection(ProjectConfigurationPlatforms) = postSolution
		{9D79CDD8-54CF-461F-ADAD-70ED8D30B856}.Debug|Any CPU.ActiveCfg = Debug|Any CPU
		{9D79CDD8-54CF-461F-ADAD-70ED8D30B856}.Debug|Any CPU.Build.0 = Debug|Any CPU
		{9D79CDD8-54CF-461F-ADAD-70ED8D30B856}.Release|Any CPU.ActiveCfg = Release|Any CPU
		{9D79CDD8-54CF-461F-ADAD-70ED8D30B856}.Release|Any CPU.Build.0 = Release|Any CPU
	EndGlobalSection
	GlobalSection(SolutionProperties) = preSolution
		HideSolutionNode = FALSE
	EndGlobalSection
	GlobalSection(ExtensibilityGlobals) = postSolution
		SolutionGuid = {F650CC3A-61BB-47B1-9B76-A0B3E09C48B0}
	EndGlobalSection
EndGlobal
