
Microsoft Visual Studio Solution File, Format Version 12.00
# Visual Studio Version 17
VisualStudioVersion = 17.14.36401.2 d17.14
MinimumVisualStudioVersion = 10.0.40219.1
Project("{FAE04EC0-301F-11D3-BF4B-00C04F79EFBC}") = "ListApp", "ListApp.csproj", "{8AD1CF6D-1A7C-46C4-8E10-E47FD9BDA601}"
EndProject
Global
	GlobalSection(SolutionConfigurationPlatforms) = preSolution
		Debug|Any CPU = Debug|Any CPU
		Release|Any CPU = Release|Any CPU
	EndGlobalSection
	GlobalSection(ProjectConfigurationPlatforms) = postSolution
		{8AD1CF6D-1A7C-46C4-8E10-E47FD9BDA601}.Debug|Any CPU.ActiveCfg = Debug|Any CPU
		{8AD1CF6D-1A7C-46C4-8E10-E47FD9BDA601}.Debug|Any CPU.Build.0 = Debug|Any CPU
		{8AD1CF6D-1A7C-46C4-8E10-E47FD9BDA601}.Release|Any CPU.ActiveCfg = Release|Any CPU
		{8AD1CF6D-1A7C-46C4-8E10-E47FD9BDA601}.Release|Any CPU.Build.0 = Release|Any CPU
	EndGlobalSection
	GlobalSection(SolutionProperties) = preSolution
		HideSolutionNode = FALSE
	EndGlobalSection
	GlobalSection(ExtensibilityGlobals) = postSolution
		SolutionGuid = {6BD1B349-F5E8-44FC-A172-6E9EACB3031C}
	EndGlobalSection
EndGlobal
