
Microsoft Visual Studio Solution File, Format Version 12.00
# Visual Studio Version 17
VisualStudioVersion = 17.14.36414.22 d17.14
MinimumVisualStudioVersion = 10.0.40219.1
Project("{FAE04EC0-301F-11D3-BF4B-00C04F79EFBC}") = "LinqToSQL", "LinqToSQL.csproj", "{65698D19-2CF7-4064-8C07-7AEA842BB739}"
EndProject
Global
	GlobalSection(SolutionConfigurationPlatforms) = preSolution
		Debug|Any CPU = Debug|Any CPU
		Release|Any CPU = Release|Any CPU
	EndGlobalSection
	GlobalSection(ProjectConfigurationPlatforms) = postSolution
		{65698D19-2CF7-4064-8C07-7AEA842BB739}.Debug|Any CPU.ActiveCfg = Debug|Any CPU
		{65698D19-2CF7-4064-8C07-7AEA842BB739}.Debug|Any CPU.Build.0 = Debug|Any CPU
		{65698D19-2CF7-4064-8C07-7AEA842BB739}.Release|Any CPU.ActiveCfg = Release|Any CPU
		{65698D19-2CF7-4064-8C07-7AEA842BB739}.Release|Any CPU.Build.0 = Release|Any CPU
	EndGlobalSection
	GlobalSection(SolutionProperties) = preSolution
		HideSolutionNode = FALSE
	EndGlobalSection
	GlobalSection(ExtensibilityGlobals) = postSolution
		SolutionGuid = {493EAA24-7E7B-4273-BAB0-1462CFD1FD34}
	EndGlobalSection
EndGlobal
