
Microsoft Visual Studio Solution File, Format Version 12.00
# Visual Studio Version 17
VisualStudioVersion = 17.14.36401.2 d17.14
MinimumVisualStudioVersion = 10.0.40219.1
Project("{FAE04EC0-301F-11D3-BF4B-00C04F79EFBC}") = "MulticastDelegates", "MulticastDelegates.csproj", "{571F650F-27B6-4207-BD2D-2853230845C9}"
EndProject
Global
	GlobalSection(SolutionConfigurationPlatforms) = preSolution
		Debug|Any CPU = Debug|Any CPU
		Release|Any CPU = Release|Any CPU
	EndGlobalSection
	GlobalSection(ProjectConfigurationPlatforms) = postSolution
		{571F650F-27B6-4207-BD2D-2853230845C9}.Debug|Any CPU.ActiveCfg = Debug|Any CPU
		{571F650F-27B6-4207-BD2D-2853230845C9}.Debug|Any CPU.Build.0 = Debug|Any CPU
		{571F650F-27B6-4207-BD2D-2853230845C9}.Release|Any CPU.ActiveCfg = Release|Any CPU
		{571F650F-27B6-4207-BD2D-2853230845C9}.Release|Any CPU.Build.0 = Release|Any CPU
	EndGlobalSection
	GlobalSection(SolutionProperties) = preSolution
		HideSolutionNode = FALSE
	EndGlobalSection
	GlobalSection(ExtensibilityGlobals) = postSolution
		SolutionGuid = {C59D040F-47B3-4743-886E-9458F1BCB982}
	EndGlobalSection
EndGlobal
