
Microsoft Visual Studio Solution File, Format Version 12.00
# Visual Studio Version 17
VisualStudioVersion = 17.14.36414.22 d17.14
MinimumVisualStudioVersion = 10.0.40219.1
Project("{FAE04EC0-301F-11D3-BF4B-00C04F79EFBC}") = "Calculator", "Calculator.csproj", "{882965FE-59BA-494D-89FF-35076201F21A}"
EndProject
Project("{FAE04EC0-301F-11D3-BF4B-00C04F79EFBC}") = "Domain", "..\Domain\Domain.csproj", "{D2D6D0D2-F05B-4E5B-B5BA-F230B176A813}"
EndProject
Project("{FAE04EC0-301F-11D3-BF4B-00C04F79EFBC}") = "Web", "..\Web\Web.csproj", "{B899AAC9-D8A3-495B-A21E-DBDDB655015F}"
EndProject
Global
	GlobalSection(SolutionConfigurationPlatforms) = preSolution
		Debug|Any CPU = Debug|Any CPU
		Release|Any CPU = Release|Any CPU
	EndGlobalSection
	GlobalSection(ProjectConfigurationPlatforms) = postSolution
		{882965FE-59BA-494D-89FF-35076201F21A}.Debug|Any CPU.ActiveCfg = Debug|Any CPU
		{882965FE-59BA-494D-89FF-35076201F21A}.Debug|Any CPU.Build.0 = Debug|Any CPU
		{882965FE-59BA-494D-89FF-35076201F21A}.Release|Any CPU.ActiveCfg = Release|Any CPU
		{882965FE-59BA-494D-89FF-35076201F21A}.Release|Any CPU.Build.0 = Release|Any CPU
		{D2D6D0D2-F05B-4E5B-B5BA-F230B176A813}.Debug|Any CPU.ActiveCfg = Debug|Any CPU
		{D2D6D0D2-F05B-4E5B-B5BA-F230B176A813}.Debug|Any CPU.Build.0 = Debug|Any CPU
		{D2D6D0D2-F05B-4E5B-B5BA-F230B176A813}.Release|Any CPU.ActiveCfg = Release|Any CPU
		{D2D6D0D2-F05B-4E5B-B5BA-F230B176A813}.Release|Any CPU.Build.0 = Release|Any CPU
		{B899AAC9-D8A3-495B-A21E-DBDDB655015F}.Debug|Any CPU.ActiveCfg = Debug|Any CPU
		{B899AAC9-D8A3-495B-A21E-DBDDB655015F}.Debug|Any CPU.Build.0 = Debug|Any CPU
		{B899AAC9-D8A3-495B-A21E-DBDDB655015F}.Release|Any CPU.ActiveCfg = Release|Any CPU
		{B899AAC9-D8A3-495B-A21E-DBDDB655015F}.Release|Any CPU.Build.0 = Release|Any CPU
	EndGlobalSection
	GlobalSection(SolutionProperties) = preSolution
		HideSolutionNode = FALSE
	EndGlobalSection
	GlobalSection(ExtensibilityGlobals) = postSolution
		SolutionGuid = {6381D8F4-A102-41B9-A774-1E60AA136E78}
	EndGlobalSection
EndGlobal
