
Microsoft Visual Studio Solution File, Format Version 12.00
# Visual Studio Version 17
VisualStudioVersion = 17.14.36401.2 d17.14
MinimumVisualStudioVersion = 10.0.40219.1
Project("{FAE04EC0-301F-11D3-BF4B-00C04F79EFBC}") = "MethodsApp", "MethodsApp.csproj", "{07063417-F485-4BE5-995C-4681D1D2A167}"
EndProject
Global
	GlobalSection(SolutionConfigurationPlatforms) = preSolution
		Debug|Any CPU = Debug|Any CPU
		Release|Any CPU = Release|Any CPU
	EndGlobalSection
	GlobalSection(ProjectConfigurationPlatforms) = postSolution
		{07063417-F485-4BE5-995C-4681D1D2A167}.Debug|Any CPU.ActiveCfg = Debug|Any CPU
		{07063417-F485-4BE5-995C-4681D1D2A167}.Debug|Any CPU.Build.0 = Debug|Any CPU
		{07063417-F485-4BE5-995C-4681D1D2A167}.Release|Any CPU.ActiveCfg = Release|Any CPU
		{07063417-F485-4BE5-995C-4681D1D2A167}.Release|Any CPU.Build.0 = Release|Any CPU
	EndGlobalSection
	GlobalSection(SolutionProperties) = preSolution
		HideSolutionNode = FALSE
	EndGlobalSection
	GlobalSection(ExtensibilityGlobals) = postSolution
		SolutionGuid = {C190DD2B-9865-45F2-A061-DBBD0325EA3D}
	EndGlobalSection
EndGlobal
