
Microsoft Visual Studio Solution File, Format Version 12.00
# Visual Studio Version 17
VisualStudioVersion = 17.14.36414.22 d17.14
MinimumVisualStudioVersion = 10.0.40219.1
Project("{FAE04EC0-301F-11D3-BF4B-00C04F79EFBC}") = "Currency Converter_Static", "Currency Converter_Static.csproj", "{1E7DECC2-812F-48FC-9853-FC8F84D48CC4}"
EndProject
Global
	GlobalSection(SolutionConfigurationPlatforms) = preSolution
		Debug|Any CPU = Debug|Any CPU
		Release|Any CPU = Release|Any CPU
	EndGlobalSection
	GlobalSection(ProjectConfigurationPlatforms) = postSolution
		{1E7DECC2-812F-48FC-9853-FC8F84D48CC4}.Debug|Any CPU.ActiveCfg = Debug|Any CPU
		{1E7DECC2-812F-48FC-9853-FC8F84D48CC4}.Debug|Any CPU.Build.0 = Debug|Any CPU
		{1E7DECC2-812F-48FC-9853-FC8F84D48CC4}.Release|Any CPU.ActiveCfg = Release|Any CPU
		{1E7DECC2-812F-48FC-9853-FC8F84D48CC4}.Release|Any CPU.Build.0 = Release|Any CPU
	EndGlobalSection
	GlobalSection(SolutionProperties) = preSolution
		HideSolutionNode = FALSE
	EndGlobalSection
	GlobalSection(ExtensibilityGlobals) = postSolution
		SolutionGuid = {AF1D656D-4C36-4497-B2CC-7B54AEFBC1C8}
	EndGlobalSection
EndGlobal
