
Microsoft Visual Studio Solution File, Format Version 12.00
# Visual Studio Version 17
VisualStudioVersion = 17.14.36414.22 d17.14
MinimumVisualStudioVersion = 10.0.40219.1
Project("{FAE04EC0-301F-11D3-BF4B-00C04F79EFBC}") = "Flight", "Flight.csproj", "{E4FF2DF0-A581-4ACA-9F88-E7166B9F8175}"
EndProject
Project("{FAE04EC0-301F-11D3-BF4B-00C04F79EFBC}") = "Domain.Tests", "Domain.Tests\Domain.Tests.csproj", "{61BC99CC-0E29-49E4-A199-8471593EF4BB}"
EndProject
Project("{FAE04EC0-301F-11D3-BF4B-00C04F79EFBC}") = "Domains", "..\Domains\Domains.csproj", "{9BE1B945-17BF-436B-A366-D1E67C96B1AB}"
EndProject
Project("{FAE04EC0-301F-11D3-BF4B-00C04F79EFBC}") = "Application.Tests", "..\Application.Tests\Application.Tests.csproj", "{FFE7469B-EDF2-4F2E-A08D-C836C4A60E03}"
EndProject
Project("{FAE04EC0-301F-11D3-BF4B-00C04F79EFBC}") = "Application", "..\Application\Application.csproj", "{154F1D0A-6E03-48F6-BDF8-7D5832823035}"
EndProject
Project("{FAE04EC0-301F-11D3-BF4B-00C04F79EFBC}") = "Data", "..\Data\Data.csproj", "{3FF2A08E-2864-43DF-A4B1-090509DD78FF}"
EndProject
Global
	GlobalSection(SolutionConfigurationPlatforms) = preSolution
		Debug|Any CPU = Debug|Any CPU
		Release|Any CPU = Release|Any CPU
	EndGlobalSection
	GlobalSection(ProjectConfigurationPlatforms) = postSolution
		{E4FF2DF0-A581-4ACA-9F88-E7166B9F8175}.Debug|Any CPU.ActiveCfg = Debug|Any CPU
		{E4FF2DF0-A581-4ACA-9F88-E7166B9F8175}.Debug|Any CPU.Build.0 = Debug|Any CPU
		{E4FF2DF0-A581-4ACA-9F88-E7166B9F8175}.Release|Any CPU.ActiveCfg = Release|Any CPU
		{E4FF2DF0-A581-4ACA-9F88-E7166B9F8175}.Release|Any CPU.Build.0 = Release|Any CPU
		{61BC99CC-0E29-49E4-A199-8471593EF4BB}.Debug|Any CPU.ActiveCfg = Debug|Any CPU
		{61BC99CC-0E29-49E4-A199-8471593EF4BB}.Debug|Any CPU.Build.0 = Debug|Any CPU
		{61BC99CC-0E29-49E4-A199-8471593EF4BB}.Release|Any CPU.ActiveCfg = Release|Any CPU
		{61BC99CC-0E29-49E4-A199-8471593EF4BB}.Release|Any CPU.Build.0 = Release|Any CPU
		{9BE1B945-17BF-436B-A366-D1E67C96B1AB}.Debug|Any CPU.ActiveCfg = Debug|Any CPU
		{9BE1B945-17BF-436B-A366-D1E67C96B1AB}.Debug|Any CPU.Build.0 = Debug|Any CPU
		{9BE1B945-17BF-436B-A366-D1E67C96B1AB}.Release|Any CPU.ActiveCfg = Release|Any CPU
		{9BE1B945-17BF-436B-A366-D1E67C96B1AB}.Release|Any CPU.Build.0 = Release|Any CPU
		{FFE7469B-EDF2-4F2E-A08D-C836C4A60E03}.Debug|Any CPU.ActiveCfg = Debug|Any CPU
		{FFE7469B-EDF2-4F2E-A08D-C836C4A60E03}.Debug|Any CPU.Build.0 = Debug|Any CPU
		{FFE7469B-EDF2-4F2E-A08D-C836C4A60E03}.Release|Any CPU.ActiveCfg = Release|Any CPU
		{FFE7469B-EDF2-4F2E-A08D-C836C4A60E03}.Release|Any CPU.Build.0 = Release|Any CPU
		{154F1D0A-6E03-48F6-BDF8-7D5832823035}.Debug|Any CPU.ActiveCfg = Debug|Any CPU
		{154F1D0A-6E03-48F6-BDF8-7D5832823035}.Debug|Any CPU.Build.0 = Debug|Any CPU
		{154F1D0A-6E03-48F6-BDF8-7D5832823035}.Release|Any CPU.ActiveCfg = Release|Any CPU
		{154F1D0A-6E03-48F6-BDF8-7D5832823035}.Release|Any CPU.Build.0 = Release|Any CPU
		{3FF2A08E-2864-43DF-A4B1-090509DD78FF}.Debug|Any CPU.ActiveCfg = Debug|Any CPU
		{3FF2A08E-2864-43DF-A4B1-090509DD78FF}.Debug|Any CPU.Build.0 = Debug|Any CPU
		{3FF2A08E-2864-43DF-A4B1-090509DD78FF}.Release|Any CPU.ActiveCfg = Release|Any CPU
		{3FF2A08E-2864-43DF-A4B1-090509DD78FF}.Release|Any CPU.Build.0 = Release|Any CPU
	EndGlobalSection
	GlobalSection(SolutionProperties) = preSolution
		HideSolutionNode = FALSE
	EndGlobalSection
	GlobalSection(ExtensibilityGlobals) = postSolution
		SolutionGuid = {FD9B0814-3938-4CA0-947E-4E6ECC41EC98}
	EndGlobalSection
EndGlobal
