
Microsoft Visual Studio Solution File, Format Version 12.00
# Visual Studio Version 17
VisualStudioVersion = 17.14.36401.2 d17.14
MinimumVisualStudioVersion = 10.0.40219.1
Project("{FAE04EC0-301F-11D3-BF4B-00C04F79EFBC}") = "InheritanceApp", "InheritanceApp.csproj", "{DEC216D4-0178-4047-9F6D-C29DCD5FF3E8}"
EndProject
Global
	GlobalSection(SolutionConfigurationPlatforms) = preSolution
		Debug|Any CPU = Debug|Any CPU
		Release|Any CPU = Release|Any CPU
	EndGlobalSection
	GlobalSection(ProjectConfigurationPlatforms) = postSolution
		{DEC216D4-0178-4047-9F6D-C29DCD5FF3E8}.Debug|Any CPU.ActiveCfg = Debug|Any CPU
		{DEC216D4-0178-4047-9F6D-C29DCD5FF3E8}.Debug|Any CPU.Build.0 = Debug|Any CPU
		{DEC216D4-0178-4047-9F6D-C29DCD5FF3E8}.Release|Any CPU.ActiveCfg = Release|Any CPU
		{DEC216D4-0178-4047-9F6D-C29DCD5FF3E8}.Release|Any CPU.Build.0 = Release|Any CPU
	EndGlobalSection
	GlobalSection(SolutionProperties) = preSolution
		HideSolutionNode = FALSE
	EndGlobalSection
	GlobalSection(ExtensibilityGlobals) = postSolution
		SolutionGuid = {E65729E8-0E80-4877-83FC-32C16589D239}
	EndGlobalSection
EndGlobal
